{
	"name": "anycode-c-sharp",
	"version": "0.0.8",
	"lockfileVersion": 2,
	"requires": true,
	"packages": {
		"": {
			"name": "anycode-c-sharp",
			"version": "0.0.8",
			"hasInstallScript": true,
			"license": "MIT",
			"devDependencies": {
				"@playwright/test": "^1.58.2",
				"tree-sitter-c-sharp": "^0.23.1",
				"tree-sitter-cli": "^0.20.8"
			},
			"engines": {
				"vscode": "^1.67.0"
			}
		},
		"node_modules/@playwright/test": {
			"version": "1.59.1",
			"resolved": "https://registry.npmjs.org/@playwright/test/-/test-1.59.1.tgz",
			"integrity": "sha512-PG6q63nQg5c9rIi4/Z5lR5IVF7yU5MqmKaPOe0HSc0O2cX1fPi96sUQu5j7eo4gKCkB2AnNGoWt7y4/Xx3Kcqg==",
			"dev": true,
			"dependencies": {
				"playwright": "1.59.1"
			},
			"bin": {
				"playwright": "cli.js"
			},
			"engines": {
				"node": ">=18"
			}
		},
		"node_modules/fsevents": {
			"version": "2.3.2",
			"resolved": "https://registry.npmjs.org/fsevents/-/fsevents-2.3.2.tgz",
			"integrity": "sha512-xiqMQR4xAeHTuB9uWm+fFRcIOgKBMiOBP+eXiyT7jsgVCq1bkVygt00oASowB7EdtpOHaaPgKt812P9ab+DDKA==",
			"dev": true,
			"hasInstallScript": true,
			"optional": true,
			"os": [
				"darwin"
			],
			"engines": {
				"node": "^8.16.0 || ^10.6.0 || >=11.0.0"
			}
		},
		"node_modules/node-addon-api": {
			"version": "8.3.1",
			"resolved": "https://registry.npmjs.org/node-addon-api/-/node-addon-api-8.3.1.tgz",
			"integrity": "sha512-lytcDEdxKjGJPTLEfW4mYMigRezMlyJY8W4wxJK8zE533Jlb8L8dRuObJFWg2P+AuOIxoCgKF+2Oq4d4Zd0OUA==",
			"dev": true,
			"engines": {
				"node": "^18 || ^20 || >= 21"
			}
		},
		"node_modules/node-gyp-build": {
			"version": "4.8.4",
			"resolved": "https://registry.npmjs.org/node-gyp-build/-/node-gyp-build-4.8.4.tgz",
			"integrity": "sha512-LA4ZjwlnUblHVgq0oBF3Jl/6h/Nvs5fzBLwdEF4nuxnFdsfajde4WfxtJr3CaiH+F6ewcIB/q4jQ4UzPyid+CQ==",
			"dev": true,
			"bin": {
				"node-gyp-build": "bin.js",
				"node-gyp-build-optional": "optional.js",
				"node-gyp-build-test": "build-test.js"
			}
		},
		"node_modules/playwright": {
			"version": "1.59.1",
			"resolved": "https://registry.npmjs.org/playwright/-/playwright-1.59.1.tgz",
			"integrity": "sha512-C8oWjPR3F81yljW9o5OxcWzfh6avkVwDD2VYdwIGqTkl+OGFISgypqzfu7dOe4QNLL2aqcWBmI3PMtLIK233lw==",
			"dev": true,
			"dependencies": {
				"playwright-core": "1.59.1"
			},
			"bin": {
				"playwright": "cli.js"
			},
			"engines": {
				"node": ">=18"
			},
			"optionalDependencies": {
				"fsevents": "2.3.2"
			}
		},
		"node_modules/playwright-core": {
			"version": "1.59.1",
			"resolved": "https://registry.npmjs.org/playwright-core/-/playwright-core-1.59.1.tgz",
			"integrity": "sha512-HBV/RJg81z5BiiZ9yPzIiClYV/QMsDCKUyogwH9p3MCP6IYjUFu/MActgYAvK0oWyV9NlwM3GLBjADyWgydVyg==",
			"dev": true,
			"bin": {
				"playwright-core": "cli.js"
			},
			"engines": {
				"node": ">=18"
			}
		},
		"node_modules/tree-sitter-c-sharp": {
			"version": "0.23.1",
			"resolved": "https://registry.npmjs.org/tree-sitter-c-sharp/-/tree-sitter-c-sharp-0.23.1.tgz",
			"integrity": "sha512-9zZ4FlcTRWWfRf6f4PgGhG8saPls6qOOt75tDfX7un9vQZJmARjPrAC6yBNCX2T/VKcCjIDbgq0evFaB3iGhQw==",
			"dev": true,
			"hasInstallScript": true,
			"dependencies": {
				"node-addon-api": "^8.2.2",
				"node-gyp-build": "^4.8.2"
			},
			"peerDependencies": {
				"tree-sitter": "^0.21.1"
			},
			"peerDependenciesMeta": {
				"tree-sitter": {
					"optional": true
				}
			}
		},
		"node_modules/tree-sitter-cli": {
			"version": "0.20.8",
			"resolved": "https://registry.npmjs.org/tree-sitter-cli/-/tree-sitter-cli-0.20.8.tgz",
			"integrity": "sha512-XjTcS3wdTy/2cc/ptMLc/WRyOLECRYcMTrSWyhZnj1oGSOWbHLTklgsgRICU3cPfb0vy+oZCC33M43u6R1HSCA==",
			"dev": true,
			"hasInstallScript": true,
			"bin": {
				"tree-sitter": "cli.js"
			}
		}
	},
	"dependencies": {
		"@playwright/test": {
			"version": "1.59.1",
			"resolved": "https://registry.npmjs.org/@playwright/test/-/test-1.59.1.tgz",
			"integrity": "sha512-PG6q63nQg5c9rIi4/Z5lR5IVF7yU5MqmKaPOe0HSc0O2cX1fPi96sUQu5j7eo4gKCkB2AnNGoWt7y4/Xx3Kcqg==",
			"dev": true,
			"requires": {
				"playwright": "1.59.1"
			}
		},
		"fsevents": {
			"version": "2.3.2",
			"resolved": "https://registry.npmjs.org/fsevents/-/fsevents-2.3.2.tgz",
			"integrity": "sha512-xiqMQR4xAeHTuB9uWm+fFRcIOgKBMiOBP+eXiyT7jsgVCq1bkVygt00oASowB7EdtpOHaaPgKt812P9ab+DDKA==",
			"dev": true,
			"optional": true
		},
		"node-addon-api": {
			"version": "8.3.1",
			"resolved": "https://registry.npmjs.org/node-addon-api/-/node-addon-api-8.3.1.tgz",
			"integrity": "sha512-lytcDEdxKjGJPTLEfW4mYMigRezMlyJY8W4wxJK8zE533Jlb8L8dRuObJFWg2P+AuOIxoCgKF+2Oq4d4Zd0OUA==",
			"dev": true
		},
		"node-gyp-build": {
			"version": "4.8.4",
			"resolved": "https://registry.npmjs.org/node-gyp-build/-/node-gyp-build-4.8.4.tgz",
			"integrity": "sha512-LA4ZjwlnUblHVgq0oBF3Jl/6h/Nvs5fzBLwdEF4nuxnFdsfajde4WfxtJr3CaiH+F6ewcIB/q4jQ4UzPyid+CQ==",
			"dev": true
		},
		"playwright": {
			"version": "1.59.1",
			"resolved": "https://registry.npmjs.org/playwright/-/playwright-1.59.1.tgz",
			"integrity": "sha512-C8oWjPR3F81yljW9o5OxcWzfh6avkVwDD2VYdwIGqTkl+OGFISgypqzfu7dOe4QNLL2aqcWBmI3PMtLIK233lw==",
			"dev": true,
			"requires": {
				"fsevents": "2.3.2",
				"playwright-core": "1.59.1"
			}
		},
		"playwright-core": {
			"version": "1.59.1",
			"resolved": "https://registry.npmjs.org/playwright-core/-/playwright-core-1.59.1.tgz",
			"integrity": "sha512-HBV/RJg81z5BiiZ9yPzIiClYV/QMsDCKUyogwH9p3MCP6IYjUFu/MActgYAvK0oWyV9NlwM3GLBjADyWgydVyg==",
			"dev": true
		},
		"tree-sitter-c-sharp": {
			"version": "0.23.1",
			"resolved": "https://registry.npmjs.org/tree-sitter-c-sharp/-/tree-sitter-c-sharp-0.23.1.tgz",
			"integrity": "sha512-9zZ4FlcTRWWfRf6f4PgGhG8saPls6qOOt75tDfX7un9vQZJmARjPrAC6yBNCX2T/VKcCjIDbgq0evFaB3iGhQw==",
			"dev": true,
			"requires": {
				"node-addon-api": "^8.2.2",
				"node-gyp-build": "^4.8.2"
			}
		},
		"tree-sitter-cli": {
			"version": "0.20.8",
			"resolved": "https://registry.npmjs.org/tree-sitter-cli/-/tree-sitter-cli-0.20.8.tgz",
			"integrity": "sha512-XjTcS3wdTy/2cc/ptMLc/WRyOLECRYcMTrSWyhZnj1oGSOWbHLTklgsgRICU3cPfb0vy+oZCC33M43u6R1HSCA==",
			"dev": true
		}
	}
}
