{
	"name": "anycode-java",
	"version": "0.0.8",
	"lockfileVersion": 2,
	"requires": true,
	"packages": {
		"": {
			"name": "anycode-java",
			"version": "0.0.8",
			"hasInstallScript": true,
			"license": "MIT",
			"devDependencies": {
				"tree-sitter-cli": "^0.20.8",
				"tree-sitter-java": "^0.23.5"
			},
			"engines": {
				"vscode": "^1.67.0"
			}
		},
		"node_modules/node-addon-api": {
			"version": "8.3.1",
			"resolved": "https://registry.npmjs.org/node-addon-api/-/node-addon-api-8.3.1.tgz",
			"integrity": "sha512-lytcDEdxKjGJPTLEfW4mYMigRezMlyJY8W4wxJK8zE533Jlb8L8dRuObJFWg2P+AuOIxoCgKF+2Oq4d4Zd0OUA==",
			"dev": true,
			"engines": {
				"node": "^18 || ^20 || >= 21"
			}
		},
		"node_modules/node-gyp-build": {
			"version": "4.8.4",
			"resolved": "https://registry.npmjs.org/node-gyp-build/-/node-gyp-build-4.8.4.tgz",
			"integrity": "sha512-LA4ZjwlnUblHVgq0oBF3Jl/6h/Nvs5fzBLwdEF4nuxnFdsfajde4WfxtJr3CaiH+F6ewcIB/q4jQ4UzPyid+CQ==",
			"dev": true,
			"bin": {
				"node-gyp-build": "bin.js",
				"node-gyp-build-optional": "optional.js",
				"node-gyp-build-test": "build-test.js"
			}
		},
		"node_modules/tree-sitter-cli": {
			"version": "0.20.8",
			"resolved": "https://registry.npmjs.org/tree-sitter-cli/-/tree-sitter-cli-0.20.8.tgz",
			"integrity": "sha512-XjTcS3wdTy/2cc/ptMLc/WRyOLECRYcMTrSWyhZnj1oGSOWbHLTklgsgRICU3cPfb0vy+oZCC33M43u6R1HSCA==",
			"dev": true,
			"hasInstallScript": true,
			"bin": {
				"tree-sitter": "cli.js"
			}
		},
		"node_modules/tree-sitter-java": {
			"version": "0.23.5",
			"resolved": "https://registry.npmjs.org/tree-sitter-java/-/tree-sitter-java-0.23.5.tgz",
			"integrity": "sha512-Yju7oQ0Xx7GcUT01mUglPP+bYfvqjNCGdxqigTnew9nLGoII42PNVP3bHrYeMxswiCRM0yubWmN5qk+zsg0zMA==",
			"dev": true,
			"hasInstallScript": true,
			"dependencies": {
				"node-addon-api": "^8.2.2",
				"node-gyp-build": "^4.8.2"
			},
			"peerDependencies": {
				"tree-sitter": "^0.21.1"
			},
			"peerDependenciesMeta": {
				"tree-sitter": {
					"optional": true
				}
			}
		}
	},
	"dependencies": {
		"node-addon-api": {
			"version": "8.3.1",
			"resolved": "https://registry.npmjs.org/node-addon-api/-/node-addon-api-8.3.1.tgz",
			"integrity": "sha512-lytcDEdxKjGJPTLEfW4mYMigRezMlyJY8W4wxJK8zE533Jlb8L8dRuObJFWg2P+AuOIxoCgKF+2Oq4d4Zd0OUA==",
			"dev": true
		},
		"node-gyp-build": {
			"version": "4.8.4",
			"resolved": "https://registry.npmjs.org/node-gyp-build/-/node-gyp-build-4.8.4.tgz",
			"integrity": "sha512-LA4ZjwlnUblHVgq0oBF3Jl/6h/Nvs5fzBLwdEF4nuxnFdsfajde4WfxtJr3CaiH+F6ewcIB/q4jQ4UzPyid+CQ==",
			"dev": true
		},
		"tree-sitter-cli": {
			"version": "0.20.8",
			"resolved": "https://registry.npmjs.org/tree-sitter-cli/-/tree-sitter-cli-0.20.8.tgz",
			"integrity": "sha512-XjTcS3wdTy/2cc/ptMLc/WRyOLECRYcMTrSWyhZnj1oGSOWbHLTklgsgRICU3cPfb0vy+oZCC33M43u6R1HSCA==",
			"dev": true
		},
		"tree-sitter-java": {
			"version": "0.23.5",
			"resolved": "https://registry.npmjs.org/tree-sitter-java/-/tree-sitter-java-0.23.5.tgz",
			"integrity": "sha512-Yju7oQ0Xx7GcUT01mUglPP+bYfvqjNCGdxqigTnew9nLGoII42PNVP3bHrYeMxswiCRM0yubWmN5qk+zsg0zMA==",
			"dev": true,
			"requires": {
				"node-addon-api": "^8.2.2",
				"node-gyp-build": "^4.8.2"
			}
		}
	}
}
