{
	"name": "anycode-kotlin",
	"version": "0.0.5",
	"lockfileVersion": 1,
	"requires": true,
	"dependencies": {
		"nan": {
			"version": "2.16.0",
			"resolved": "https://registry.npmjs.org/nan/-/nan-2.16.0.tgz",
			"integrity": "sha512-UdAqHyFngu7TfQKsCBgAA6pWDkT8MAO7d0jyOecVhN5354xbLqdn8mV9Tat9gepAupm0bt2DbeaSC8vS52MuFA==",
			"dev": true
		},
		"tree-sitter-cli": {
			"version": "0.20.6",
			"resolved": "https://registry.npmjs.org/tree-sitter-cli/-/tree-sitter-cli-0.20.6.tgz",
			"integrity": "sha512-tjbAeuGSMhco/EnsThjWkQbDIYMDmdkWsTPsa/NJAW7bjaki9P7oM9TkLxfdlnm4LXd1wR5wVSM2/RTLtZbm6A==",
			"dev": true
		},
		"tree-sitter-kotlin": {
			"version": "git+https://github.com/fwcd/tree-sitter-kotlin.git#a4f71eb9b8c9b19ded3e0e9470be4b1b77c2b569",
			"from": "git+https://github.com/fwcd/tree-sitter-kotlin.git#a4f71eb9b8c9b19ded3e0e9470be4b1b77c2b569",
			"dev": true,
			"requires": {
				"nan": "^2.15.0"
			}
		}
	}
}
