{
	"name": "anycode-go",
	"version": "0.0.7",
	"lockfileVersion": 2,
	"requires": true,
	"packages": {
		"": {
			"name": "anycode-go",
			"version": "0.0.7",
			"hasInstallScript": true,
			"license": "MIT",
			"devDependencies": {
				"@playwright/test": "^1.14.1",
				"tree-sitter-cli": "^0.20.8",
				"tree-sitter-go": "^0.23.4"
			},
			"engines": {
				"vscode": "^1.67.0"
			}
		},
		"node_modules/@playwright/test": {
			"version": "1.23.2",
			"resolved": "https://registry.npmjs.org/@playwright/test/-/test-1.23.2.tgz",
			"integrity": "sha512-umaEAIwQGfbezixg3raSOraqbQGSqZP988sOaMdpA2wj3Dr6ykOscrMukyK3U6edxhpS0N8kguAFZoHwCEfTig==",
			"dev": true,
			"dependencies": {
				"@types/node": "*",
				"playwright-core": "1.23.2"
			},
			"bin": {
				"playwright": "cli.js"
			},
			"engines": {
				"node": ">=14"
			}
		},
		"node_modules/@types/node": {
			"version": "18.0.3",
			"resolved": "https://registry.npmjs.org/@types/node/-/node-18.0.3.tgz",
			"integrity": "sha512-HzNRZtp4eepNitP+BD6k2L6DROIDG4Q0fm4x+dwfsr6LGmROENnok75VGw40628xf+iR24WeMFcHuuBDUAzzsQ==",
			"dev": true
		},
		"node_modules/node-addon-api": {
			"version": "8.3.1",
			"resolved": "https://registry.npmjs.org/node-addon-api/-/node-addon-api-8.3.1.tgz",
			"integrity": "sha512-lytcDEdxKjGJPTLEfW4mYMigRezMlyJY8W4wxJK8zE533Jlb8L8dRuObJFWg2P+AuOIxoCgKF+2Oq4d4Zd0OUA==",
			"dev": true,
			"engines": {
				"node": "^18 || ^20 || >= 21"
			}
		},
		"node_modules/node-gyp-build": {
			"version": "4.8.4",
			"resolved": "https://registry.npmjs.org/node-gyp-build/-/node-gyp-build-4.8.4.tgz",
			"integrity": "sha512-LA4ZjwlnUblHVgq0oBF3Jl/6h/Nvs5fzBLwdEF4nuxnFdsfajde4WfxtJr3CaiH+F6ewcIB/q4jQ4UzPyid+CQ==",
			"dev": true,
			"bin": {
				"node-gyp-build": "bin.js",
				"node-gyp-build-optional": "optional.js",
				"node-gyp-build-test": "build-test.js"
			}
		},
		"node_modules/playwright-core": {
			"version": "1.23.2",
			"resolved": "https://registry.npmjs.org/playwright-core/-/playwright-core-1.23.2.tgz",
			"integrity": "sha512-UGbutIr0nBALDHWW/HcXfyK6ZdmefC99Moo4qyTr89VNIkYZuDrW8Sw554FyFUamcFSdKOgDPk6ECSkofGIZjQ==",
			"dev": true,
			"bin": {
				"playwright": "cli.js"
			},
			"engines": {
				"node": ">=14"
			}
		},
		"node_modules/tree-sitter-cli": {
			"version": "0.20.8",
			"resolved": "https://registry.npmjs.org/tree-sitter-cli/-/tree-sitter-cli-0.20.8.tgz",
			"integrity": "sha512-XjTcS3wdTy/2cc/ptMLc/WRyOLECRYcMTrSWyhZnj1oGSOWbHLTklgsgRICU3cPfb0vy+oZCC33M43u6R1HSCA==",
			"dev": true,
			"hasInstallScript": true,
			"bin": {
				"tree-sitter": "cli.js"
			}
		},
		"node_modules/tree-sitter-go": {
			"version": "0.23.4",
			"resolved": "https://registry.npmjs.org/tree-sitter-go/-/tree-sitter-go-0.23.4.tgz",
			"integrity": "sha512-iQaHEs4yMa/hMo/ZCGqLfG61F0miinULU1fFh+GZreCRtKylFLtvn798ocCZjO2r/ungNZgAY1s1hPFyAwkc7w==",
			"dev": true,
			"hasInstallScript": true,
			"dependencies": {
				"node-addon-api": "^8.2.1",
				"node-gyp-build": "^4.8.2"
			},
			"peerDependencies": {
				"tree-sitter": "^0.21.1"
			},
			"peerDependenciesMeta": {
				"tree-sitter": {
					"optional": true
				}
			}
		}
	},
	"dependencies": {
		"@playwright/test": {
			"version": "1.23.2",
			"resolved": "https://registry.npmjs.org/@playwright/test/-/test-1.23.2.tgz",
			"integrity": "sha512-umaEAIwQGfbezixg3raSOraqbQGSqZP988sOaMdpA2wj3Dr6ykOscrMukyK3U6edxhpS0N8kguAFZoHwCEfTig==",
			"dev": true,
			"requires": {
				"@types/node": "*",
				"playwright-core": "1.23.2"
			}
		},
		"@types/node": {
			"version": "18.0.3",
			"resolved": "https://registry.npmjs.org/@types/node/-/node-18.0.3.tgz",
			"integrity": "sha512-HzNRZtp4eepNitP+BD6k2L6DROIDG4Q0fm4x+dwfsr6LGmROENnok75VGw40628xf+iR24WeMFcHuuBDUAzzsQ==",
			"dev": true
		},
		"node-addon-api": {
			"version": "8.3.1",
			"resolved": "https://registry.npmjs.org/node-addon-api/-/node-addon-api-8.3.1.tgz",
			"integrity": "sha512-lytcDEdxKjGJPTLEfW4mYMigRezMlyJY8W4wxJK8zE533Jlb8L8dRuObJFWg2P+AuOIxoCgKF+2Oq4d4Zd0OUA==",
			"dev": true
		},
		"node-gyp-build": {
			"version": "4.8.4",
			"resolved": "https://registry.npmjs.org/node-gyp-build/-/node-gyp-build-4.8.4.tgz",
			"integrity": "sha512-LA4ZjwlnUblHVgq0oBF3Jl/6h/Nvs5fzBLwdEF4nuxnFdsfajde4WfxtJr3CaiH+F6ewcIB/q4jQ4UzPyid+CQ==",
			"dev": true
		},
		"playwright-core": {
			"version": "1.23.2",
			"resolved": "https://registry.npmjs.org/playwright-core/-/playwright-core-1.23.2.tgz",
			"integrity": "sha512-UGbutIr0nBALDHWW/HcXfyK6ZdmefC99Moo4qyTr89VNIkYZuDrW8Sw554FyFUamcFSdKOgDPk6ECSkofGIZjQ==",
			"dev": true
		},
		"tree-sitter-cli": {
			"version": "0.20.8",
			"resolved": "https://registry.npmjs.org/tree-sitter-cli/-/tree-sitter-cli-0.20.8.tgz",
			"integrity": "sha512-XjTcS3wdTy/2cc/ptMLc/WRyOLECRYcMTrSWyhZnj1oGSOWbHLTklgsgRICU3cPfb0vy+oZCC33M43u6R1HSCA==",
			"dev": true
		},
		"tree-sitter-go": {
			"version": "0.23.4",
			"resolved": "https://registry.npmjs.org/tree-sitter-go/-/tree-sitter-go-0.23.4.tgz",
			"integrity": "sha512-iQaHEs4yMa/hMo/ZCGqLfG61F0miinULU1fFh+GZreCRtKylFLtvn798ocCZjO2r/ungNZgAY1s1hPFyAwkc7w==",
			"dev": true,
			"requires": {
				"node-addon-api": "^8.2.1",
				"node-gyp-build": "^4.8.2"
			}
		}
	}
}
