{
	"name": "anycode-sway",
	"version": "0.0.6",
	"lockfileVersion": 2,
	"requires": true,
	"packages": {
		"": {
			"name": "anycode-sway",
			"version": "0.0.6",
			"hasInstallScript": true,
			"license": "MIT",
			"devDependencies": {
				"tree-sitter-cli": "0.20.6",
				"tree-sitter-sway": "1.0.0"
			},
			"engines": {
				"vscode": "^1.67.0"
			}
		},
		"../../../tree-sitter-sway": {
			"version": "1.0.0",
			"dev": true,
			"hasInstallScript": true,
			"license": "Apache-2.0",
			"dependencies": {
				"nan": "^2.17.0"
			},
			"devDependencies": {
				"tree-sitter-cli": "^0.20.7"
			}
		},
		"node_modules/tree-sitter-cli": {
			"version": "0.20.6",
			"resolved": "https://registry.npmjs.org/tree-sitter-cli/-/tree-sitter-cli-0.20.6.tgz",
			"integrity": "sha512-tjbAeuGSMhco/EnsThjWkQbDIYMDmdkWsTPsa/NJAW7bjaki9P7oM9TkLxfdlnm4LXd1wR5wVSM2/RTLtZbm6A==",
			"dev": true,
			"hasInstallScript": true,
			"bin": {
				"tree-sitter": "cli.js"
			}
		},
		"node_modules/tree-sitter-sway": {
			"resolved": "../../../tree-sitter-sway",
			"link": true
		}
	},
	"dependencies": {
		"tree-sitter-cli": {
			"version": "0.20.6",
			"resolved": "https://registry.npmjs.org/tree-sitter-cli/-/tree-sitter-cli-0.20.6.tgz",
			"integrity": "sha512-tjbAeuGSMhco/EnsThjWkQbDIYMDmdkWsTPsa/NJAW7bjaki9P7oM9TkLxfdlnm4LXd1wR5wVSM2/RTLtZbm6A==",
			"dev": true
		},
		"tree-sitter-sway": {
			"version": "file:../../../tree-sitter-sway",
			"requires": {
				"nan": "^2.17.0",
				"tree-sitter-cli": "^0.20.7"
			}
		}
	}
}
